
Microsoft Visual Studio Solution File, Format Version 12.00
# Visual Studio 15
VisualStudioVersion = 15.0.28307.421
MinimumVisualStudioVersion = 10.0.40219.1
Project("{9A19103F-16F7-4668-BE54-9A1E7A4F7556}") = "PrudentialUKWeatherAPI", "PrudentialUKWeatherAPI\PrudentialUKWeatherAPI.csproj", "{037D0E79-C917-4372-8694-4E0ACACEB1DA}"
EndProject
Project("{FAE04EC0-301F-11D3-BF4B-00C04F79EFBC}") = "PrudentialUKWeatherAPI.Test", "PrudentialUKWeatherAPI.Test\PrudentialUKWeatherAPI.Test.csproj", "{EFE4DD9F-B461-4BFB-A608-3C153CB06642}"
EndProject
Global
	GlobalSection(SolutionConfigurationPlatforms) = preSolution
		Debug|Any CPU = Debug|Any CPU
		Release|Any CPU = Release|Any CPU
	EndGlobalSection
	GlobalSection(ProjectConfigurationPlatforms) = postSolution
		{037D0E79-C917-4372-8694-4E0ACACEB1DA}.Debug|Any CPU.ActiveCfg = Debug|Any CPU
		{037D0E79-C917-4372-8694-4E0ACACEB1DA}.Debug|Any CPU.Build.0 = Debug|Any CPU
		{037D0E79-C917-4372-8694-4E0ACACEB1DA}.Release|Any CPU.ActiveCfg = Release|Any CPU
		{037D0E79-C917-4372-8694-4E0ACACEB1DA}.Release|Any CPU.Build.0 = Release|Any CPU
		{EFE4DD9F-B461-4BFB-A608-3C153CB06642}.Debug|Any CPU.ActiveCfg = Debug|Any CPU
		{EFE4DD9F-B461-4BFB-A608-3C153CB06642}.Debug|Any CPU.Build.0 = Debug|Any CPU
		{EFE4DD9F-B461-4BFB-A608-3C153CB06642}.Release|Any CPU.ActiveCfg = Release|Any CPU
		{EFE4DD9F-B461-4BFB-A608-3C153CB06642}.Release|Any CPU.Build.0 = Release|Any CPU
	EndGlobalSection
	GlobalSection(SolutionProperties) = preSolution
		HideSolutionNode = FALSE
	EndGlobalSection
	GlobalSection(ExtensibilityGlobals) = postSolution
		SolutionGuid = {E1F04446-ACC8-4C2E-8E88-C5AB7D8A79E2}
	EndGlobalSection
EndGlobal
